// !$*UTF8*$!
{
	archiveVersion = 1;
	classes = {
	};
	objectVersion = 55;
	objects = {

/* Begin PBXBuildFile section */
		8F0F810C28C7EEF50046FB7D /* PersonSquare.swift in Sources */ = {isa = PBXBuildFile; fileRef = 8F0F810B28C7EEF40046FB7D /* PersonSquare.swift */; };
		8F347B1F28B690B700C3322E /* ProfileSwipePromo.swift in Sources */ = {isa = PBXBuildFile; fileRef = 8F347B1E28B690B700C3322E /* ProfileSwipePromo.swift */; };
		8F347B2128BCE42C00C3322E /* Message.swift in Sources */ = {isa = PBXBuildFile; fileRef = 8F347B2028BCE42C00C3322E /* Message.swift */; };
		8F347B2428BCE54000C3322E /* Person.swift in Sources */ = {isa = PBXBuildFile; fileRef = 8F347B2328BCE54000C3322E /* Person.swift */; };
		8F347B2628BCE66B00C3322E /* MessagePreview.swift in Sources */ = {isa = PBXBuildFile; fileRef = 8F347B2528BCE66B00C3322E /* MessagePreview.swift */; };
		8F347B2828BCE77F00C3322E /* MessageView.swift in Sources */ = {isa = PBXBuildFile; fileRef = 8F347B2728BCE77F00C3322E /* MessageView.swift */; };
		8F347B2B28BCF7C700C3322E /* ChatView.swift in Sources */ = {isa = PBXBuildFile; fileRef = 8F347B2A28BCF7C700C3322E /* ChatView.swift */; };
		8F347B2D28BCF83500C3322E /* ChatManager.swift in Sources */ = {isa = PBXBuildFile; fileRef = 8F347B2C28BCF83500C3322E /* ChatManager.swift */; };
		8F347B2F28BD002B00C3322E /* ChatViewHeader.swift in Sources */ = {isa = PBXBuildFile; fileRef = 8F347B2E28BD002B00C3322E /* ChatViewHeader.swift */; };
		8F3DD88028AC07D800307239 /* BuildTinderApp.swift in Sources */ = {isa = PBXBuildFile; fileRef = 8F3DD87F28AC07D800307239 /* BuildTinderApp.swift */; };
		8F3DD88228AC07D800307239 /* ContentView.swift in Sources */ = {isa = PBXBuildFile; fileRef = 8F3DD88128AC07D800307239 /* ContentView.swift */; };
		8F3DD88428AC07D900307239 /* Assets.xcassets in Resources */ = {isa = PBXBuildFile; fileRef = 8F3DD88328AC07D900307239 /* Assets.xcassets */; };
		8F3DD88728AC07D900307239 /* Preview Assets.xcassets in Resources */ = {isa = PBXBuildFile; fileRef = 8F3DD88628AC07D900307239 /* Preview Assets.xcassets */; };
		8F3DD88E28AC07EE00307239 /* MainView.swift in Sources */ = {isa = PBXBuildFile; fileRef = 8F3DD88D28AC07EE00307239 /* MainView.swift */; };
		8F3DD89028AC081800307239 /* TabBarButtonView.swift in Sources */ = {isa = PBXBuildFile; fileRef = 8F3DD88F28AC081800307239 /* TabBarButtonView.swift */; };
		8F3DD89428AC0AE700307239 /* AppStateManager.swift in Sources */ = {isa = PBXBuildFile; fileRef = 8F3DD89328AC0AE700307239 /* AppStateManager.swift */; };
		8F3DD89628AC0EEC00307239 /* Extensions.swift in Sources */ = {isa = PBXBuildFile; fileRef = 8F3DD89528AC0EEC00307239 /* Extensions.swift */; };
		8F3DD89928AC398E00307239 /* ProfileView.swift in Sources */ = {isa = PBXBuildFile; fileRef = 8F3DD89828AC398E00307239 /* ProfileView.swift */; };
		8F3DD89C28AC3C9300307239 /* RoundedImage.swift in Sources */ = {isa = PBXBuildFile; fileRef = 8F3DD89B28AC3C9300307239 /* RoundedImage.swift */; };
		8FAC117028C0D80000EB0637 /* UserManager.swift in Sources */ = {isa = PBXBuildFile; fileRef = 8FAC116F28C0D80000EB0637 /* UserManager.swift */; };
		8FAC117228C0D8E100EB0637 /* User.swift in Sources */ = {isa = PBXBuildFile; fileRef = 8FAC117128C0D8E100EB0637 /* User.swift */; };
		8FAC117428C0E1E800EB0637 /* LikesView.swift in Sources */ = {isa = PBXBuildFile; fileRef = 8FAC117328C0E1E800EB0637 /* LikesView.swift */; };
		8FC96ACF28CF0B4400B052E9 /* PurchasePopup.swift in Sources */ = {isa = PBXBuildFile; fileRef = 8FC96ACE28CF0B4400B052E9 /* PurchasePopup.swift */; };
		8FC96AD128CF2B7900B052E9 /* PurchaseSwipePromo.swift in Sources */ = {isa = PBXBuildFile; fileRef = 8FC96AD028CF2B7900B052E9 /* PurchaseSwipePromo.swift */; };
		8FC96AD428CFB81200B052E9 /* PruchaseOptionsView.swift in Sources */ = {isa = PBXBuildFile; fileRef = 8FC96AD328CFB81200B052E9 /* PruchaseOptionsView.swift */; };
		8FC96AD628CFB88500B052E9 /* Subscription.swift in Sources */ = {isa = PBXBuildFile; fileRef = 8FC96AD528CFB88500B052E9 /* Subscription.swift */; };
		8FC96AD828D2126D00B052E9 /* RoundedCorner.swift in Sources */ = {isa = PBXBuildFile; fileRef = 8FC96AD728D2126D00B052E9 /* RoundedCorner.swift */; };
		8FC96ADC28D3384300B052E9 /* CardImageScroller.swift in Sources */ = {isa = PBXBuildFile; fileRef = 8FC96ADB28D3384300B052E9 /* CardImageScroller.swift */; };
		8FC96ADF28D353FB00B052E9 /* CardView.swift in Sources */ = {isa = PBXBuildFile; fileRef = 8FC96ADE28D353FB00B052E9 /* CardView.swift */; };
		8FC96AE128D378EB00B052E9 /* FullScreenCardView.swift in Sources */ = {isa = PBXBuildFile; fileRef = 8FC96AE028D378EB00B052E9 /* FullScreenCardView.swift */; };
		8FC96AE328D4062000B052E9 /* CircleButtonView.swift in Sources */ = {isa = PBXBuildFile; fileRef = 8FC96AE228D4061F00B052E9 /* CircleButtonView.swift */; };
		8FC96AE528D4320F00B052E9 /* CardStack.swift in Sources */ = {isa = PBXBuildFile; fileRef = 8FC96AE428D4320E00B052E9 /* CardStack.swift */; };
		8FC96AE728D5328000B052E9 /* HomeView.swift in Sources */ = {isa = PBXBuildFile; fileRef = 8FC96AE628D5328000B052E9 /* HomeView.swift */; };
		8FC9D08628CA57DF00E36011 /* TopPicksView.swift in Sources */ = {isa = PBXBuildFile; fileRef = 8FC9D08528CA57DF00E36011 /* TopPicksView.swift */; };
		8FC9D08828CA598A00E36011 /* MatchesView.swift in Sources */ = {isa = PBXBuildFile; fileRef = 8FC9D08728CA598A00E36011 /* MatchesView.swift */; };
		8FDE1F7A28BE922C0078D280 /* MessageListView.swift in Sources */ = {isa = PBXBuildFile; fileRef = 8FDE1F7928BE922C0078D280 /* MessageListView.swift */; };
		8FDE1F7C28BE93180078D280 /* MessageListVM.swift in Sources */ = {isa = PBXBuildFile; fileRef = 8FDE1F7B28BE93180078D280 /* MessageListVM.swift */; };
		8FDE1F7E28BED7120078D280 /* MessageRowView.swift in Sources */ = {isa = PBXBuildFile; fileRef = 8FDE1F7D28BED7120078D280 /* MessageRowView.swift */; };
/* End PBXBuildFile section */

/* Begin PBXFileReference section */
		8F0F810B28C7EEF40046FB7D /* PersonSquare.swift */ = {isa = PBXFileReference; lastKnownFileType = sourcecode.swift; path = PersonSquare.swift; sourceTree = "<group>"; };
		8F347B1E28B690B700C3322E /* ProfileSwipePromo.swift */ = {isa = PBXFileReference; lastKnownFileType = sourcecode.swift; path = ProfileSwipePromo.swift; sourceTree = "<group>"; };
		8F347B2028BCE42C00C3322E /* Message.swift */ = {isa = PBXFileReference; lastKnownFileType = sourcecode.swift; path = Message.swift; sourceTree = "<group>"; };
		8F347B2328BCE54000C3322E /* Person.swift */ = {isa = PBXFileReference; lastKnownFileType = sourcecode.swift; path = Person.swift; sourceTree = "<group>"; };
		8F347B2528BCE66B00C3322E /* MessagePreview.swift */ = {isa = PBXFileReference; lastKnownFileType = sourcecode.swift; path = MessagePreview.swift; sourceTree = "<group>"; };
		8F347B2728BCE77F00C3322E /* MessageView.swift */ = {isa = PBXFileReference; lastKnownFileType = sourcecode.swift; path = MessageView.swift; sourceTree = "<group>"; };
		8F347B2A28BCF7C700C3322E /* ChatView.swift */ = {isa = PBXFileReference; lastKnownFileType = sourcecode.swift; path = ChatView.swift; sourceTree = "<group>"; };
		8F347B2C28BCF83500C3322E /* ChatManager.swift */ = {isa = PBXFileReference; lastKnownFileType = sourcecode.swift; path = ChatManager.swift; sourceTree = "<group>"; };
		8F347B2E28BD002B00C3322E /* ChatViewHeader.swift */ = {isa = PBXFileReference; lastKnownFileType = sourcecode.swift; path = ChatViewHeader.swift; sourceTree = "<group>"; };
		8F3DD87C28AC07D800307239 /* BuildTinder.app */ = {isa = PBXFileReference; explicitFileType = wrapper.application; includeInIndex = 0; path = BuildTinder.app; sourceTree = BUILT_PRODUCTS_DIR; };
		8F3DD87F28AC07D800307239 /* BuildTinderApp.swift */ = {isa = PBXFileReference; lastKnownFileType = sourcecode.swift; path = BuildTinderApp.swift; sourceTree = "<group>"; };
		8F3DD88128AC07D800307239 /* ContentView.swift */ = {isa = PBXFileReference; lastKnownFileType = sourcecode.swift; path = ContentView.swift; sourceTree = "<group>"; };
		8F3DD88328AC07D900307239 /* Assets.xcassets */ = {isa = PBXFileReference; lastKnownFileType = folder.assetcatalog; path = Assets.xcassets; sourceTree = "<group>"; };
		8F3DD88628AC07D900307239 /* Preview Assets.xcassets */ = {isa = PBXFileReference; lastKnownFileType = folder.assetcatalog; path = "Preview Assets.xcassets"; sourceTree = "<group>"; };
		8F3DD88D28AC07EE00307239 /* MainView.swift */ = {isa = PBXFileReference; lastKnownFileType = sourcecode.swift; path = MainView.swift; sourceTree = "<group>"; };
		8F3DD88F28AC081800307239 /* TabBarButtonView.swift */ = {isa = PBXFileReference; lastKnownFileType = sourcecode.swift; path = TabBarButtonView.swift; sourceTree = "<group>"; };
		8F3DD89328AC0AE700307239 /* AppStateManager.swift */ = {isa = PBXFileReference; lastKnownFileType = sourcecode.swift; path = AppStateManager.swift; sourceTree = "<group>"; };
		8F3DD89528AC0EEC00307239 /* Extensions.swift */ = {isa = PBXFileReference; lastKnownFileType = sourcecode.swift; path = Extensions.swift; sourceTree = "<group>"; };
		8F3DD89828AC398E00307239 /* ProfileView.swift */ = {isa = PBXFileReference; lastKnownFileType = sourcecode.swift; path = ProfileView.swift; sourceTree = "<group>"; };
		8F3DD89B28AC3C9300307239 /* RoundedImage.swift */ = {isa = PBXFileReference; lastKnownFileType = sourcecode.swift; path = RoundedImage.swift; sourceTree = "<group>"; };
		8FAC116F28C0D80000EB0637 /* UserManager.swift */ = {isa = PBXFileReference; lastKnownFileType = sourcecode.swift; path = UserManager.swift; sourceTree = "<group>"; };
		8FAC117128C0D8E100EB0637 /* User.swift */ = {isa = PBXFileReference; lastKnownFileType = sourcecode.swift; path = User.swift; sourceTree = "<group>"; };
		8FAC117328C0E1E800EB0637 /* LikesView.swift */ = {isa = PBXFileReference; lastKnownFileType = sourcecode.swift; path = LikesView.swift; sourceTree = "<group>"; };
		8FC96ACE28CF0B4400B052E9 /* PurchasePopup.swift */ = {isa = PBXFileReference; lastKnownFileType = sourcecode.swift; path = PurchasePopup.swift; sourceTree = "<group>"; };
		8FC96AD028CF2B7900B052E9 /* PurchaseSwipePromo.swift */ = {isa = PBXFileReference; lastKnownFileType = sourcecode.swift; path = PurchaseSwipePromo.swift; sourceTree = "<group>"; };
		8FC96AD328CFB81200B052E9 /* PruchaseOptionsView.swift */ = {isa = PBXFileReference; lastKnownFileType = sourcecode.swift; path = PruchaseOptionsView.swift; sourceTree = "<group>"; };
		8FC96AD528CFB88500B052E9 /* Subscription.swift */ = {isa = PBXFileReference; lastKnownFileType = sourcecode.swift; path = Subscription.swift; sourceTree = "<group>"; };
		8FC96AD728D2126D00B052E9 /* RoundedCorner.swift */ = {isa = PBXFileReference; lastKnownFileType = sourcecode.swift; path = RoundedCorner.swift; sourceTree = "<group>"; };
		8FC96ADB28D3384300B052E9 /* CardImageScroller.swift */ = {isa = PBXFileReference; lastKnownFileType = sourcecode.swift; path = CardImageScroller.swift; sourceTree = "<group>"; };
		8FC96ADE28D353FB00B052E9 /* CardView.swift */ = {isa = PBXFileReference; lastKnownFileType = sourcecode.swift; path = CardView.swift; sourceTree = "<group>"; };
		8FC96AE028D378EB00B052E9 /* FullScreenCardView.swift */ = {isa = PBXFileReference; lastKnownFileType = sourcecode.swift; path = FullScreenCardView.swift; sourceTree = "<group>"; };
		8FC96AE228D4061F00B052E9 /* CircleButtonView.swift */ = {isa = PBXFileReference; lastKnownFileType = sourcecode.swift; path = CircleButtonView.swift; sourceTree = "<group>"; };
		8FC96AE428D4320E00B052E9 /* CardStack.swift */ = {isa = PBXFileReference; lastKnownFileType = sourcecode.swift; path = CardStack.swift; sourceTree = "<group>"; };
		8FC96AE628D5328000B052E9 /* HomeView.swift */ = {isa = PBXFileReference; lastKnownFileType = sourcecode.swift; path = HomeView.swift; sourceTree = "<group>"; };
		8FC9D08528CA57DF00E36011 /* TopPicksView.swift */ = {isa = PBXFileReference; lastKnownFileType = sourcecode.swift; path = TopPicksView.swift; sourceTree = "<group>"; };
		8FC9D08728CA598A00E36011 /* MatchesView.swift */ = {isa = PBXFileReference; lastKnownFileType = sourcecode.swift; path = MatchesView.swift; sourceTree = "<group>"; };
		8FDE1F7928BE922C0078D280 /* MessageListView.swift */ = {isa = PBXFileReference; lastKnownFileType = sourcecode.swift; path = MessageListView.swift; sourceTree = "<group>"; };
		8FDE1F7B28BE93180078D280 /* MessageListVM.swift */ = {isa = PBXFileReference; lastKnownFileType = sourcecode.swift; path = MessageListVM.swift; sourceTree = "<group>"; };
		8FDE1F7D28BED7120078D280 /* MessageRowView.swift */ = {isa = PBXFileReference; lastKnownFileType = sourcecode.swift; path = MessageRowView.swift; sourceTree = "<group>"; };
/* End PBXFileReference section */

/* Begin PBXFrameworksBuildPhase section */
		8F3DD87928AC07D800307239 /* Frameworks */ = {
			isa = PBXFrameworksBuildPhase;
			buildActionMask = 2147483647;
			files = (
			);
			runOnlyForDeploymentPostprocessing = 0;
		};
/* End PBXFrameworksBuildPhase section */

/* Begin PBXGroup section */
		8F347B1D28B6764800C3322E /* HelperView */ = {
			isa = PBXGroup;
			children = (
				8F3DD89B28AC3C9300307239 /* RoundedImage.swift */,
				8FC96AE228D4061F00B052E9 /* CircleButtonView.swift */,
			);
			path = HelperView;
			sourceTree = "<group>";
		};
		8F347B2228BCE43300C3322E /* Model */ = {
			isa = PBXGroup;
			children = (
				8FC96AD528CFB88500B052E9 /* Subscription.swift */,
				8F347B2028BCE42C00C3322E /* Message.swift */,
				8F347B2328BCE54000C3322E /* Person.swift */,
				8F347B2528BCE66B00C3322E /* MessagePreview.swift */,
				8FAC117128C0D8E100EB0637 /* User.swift */,
			);
			path = Model;
			sourceTree = "<group>";
		};
		8F347B2928BCE78C00C3322E /* Messages */ = {
			isa = PBXGroup;
			children = (
				8F347B2728BCE77F00C3322E /* MessageView.swift */,
				8F347B2A28BCF7C700C3322E /* ChatView.swift */,
				8F347B2C28BCF83500C3322E /* ChatManager.swift */,
				8F347B2E28BD002B00C3322E /* ChatViewHeader.swift */,
				8FDE1F7928BE922C0078D280 /* MessageListView.swift */,
				8FDE1F7B28BE93180078D280 /* MessageListVM.swift */,
				8FDE1F7D28BED7120078D280 /* MessageRowView.swift */,
			);
			path = Messages;
			sourceTree = "<group>";
		};
		8F3DD87328AC07D800307239 = {
			isa = PBXGroup;
			children = (
				8F3DD87E28AC07D800307239 /* BuildTinder */,
				8F3DD87D28AC07D800307239 /* Products */,
			);
			sourceTree = "<group>";
		};
		8F3DD87D28AC07D800307239 /* Products */ = {
			isa = PBXGroup;
			children = (
				8F3DD87C28AC07D800307239 /* BuildTinder.app */,
			);
			name = Products;
			sourceTree = "<group>";
		};
		8F3DD87E28AC07D800307239 /* BuildTinder */ = {
			isa = PBXGroup;
			children = (
				8F3DD87F28AC07D800307239 /* BuildTinderApp.swift */,
				8F3DD88128AC07D800307239 /* ContentView.swift */,
				8F3DD89328AC0AE700307239 /* AppStateManager.swift */,
				8FAC116F28C0D80000EB0637 /* UserManager.swift */,
				8F3DD89728AC18B100307239 /* MainTabBar */,
				8FC96ADD28D3386800B052E9 /* Home */,
				8F3DD89A28AC399F00307239 /* Profile */,
				8F347B2928BCE78C00C3322E /* Messages */,
				8FAC117528C0E34D00EB0637 /* MatchesView */,
				8F347B2228BCE43300C3322E /* Model */,
				8F347B1D28B6764800C3322E /* HelperView */,
				8F3DD88328AC07D900307239 /* Assets.xcassets */,
				8F3DD88528AC07D900307239 /* Preview Content */,
				8FC96AD928D2128400B052E9 /* Extensions */,
				8FC9D08B28CB8BE000E36011 /* Popups */,
			);
			path = BuildTinder;
			sourceTree = "<group>";
		};
		8F3DD88528AC07D900307239 /* Preview Content */ = {
			isa = PBXGroup;
			children = (
				8F3DD88628AC07D900307239 /* Preview Assets.xcassets */,
			);
			path = "Preview Content";
			sourceTree = "<group>";
		};
		8F3DD89728AC18B100307239 /* MainTabBar */ = {
			isa = PBXGroup;
			children = (
				8F3DD88F28AC081800307239 /* TabBarButtonView.swift */,
				8F3DD88D28AC07EE00307239 /* MainView.swift */,
			);
			path = MainTabBar;
			sourceTree = "<group>";
		};
		8F3DD89A28AC399F00307239 /* Profile */ = {
			isa = PBXGroup;
			children = (
				8F3DD89828AC398E00307239 /* ProfileView.swift */,
				8F347B1E28B690B700C3322E /* ProfileSwipePromo.swift */,
			);
			path = Profile;
			sourceTree = "<group>";
		};
		8FAC117528C0E34D00EB0637 /* MatchesView */ = {
			isa = PBXGroup;
			children = (
				8FAC117328C0E1E800EB0637 /* LikesView.swift */,
				8F0F810B28C7EEF40046FB7D /* PersonSquare.swift */,
				8FC9D08528CA57DF00E36011 /* TopPicksView.swift */,
				8FC9D08728CA598A00E36011 /* MatchesView.swift */,
			);
			path = MatchesView;
			sourceTree = "<group>";
		};
		8FC96AD228CF2B8900B052E9 /* Purchase */ = {
			isa = PBXGroup;
			children = (
				8FC96ACE28CF0B4400B052E9 /* PurchasePopup.swift */,
				8FC96AD028CF2B7900B052E9 /* PurchaseSwipePromo.swift */,
				8FC96AD328CFB81200B052E9 /* PruchaseOptionsView.swift */,
			);
			path = Purchase;
			sourceTree = "<group>";
		};
		8FC96AD928D2128400B052E9 /* Extensions */ = {
			isa = PBXGroup;
			children = (
				8F3DD89528AC0EEC00307239 /* Extensions.swift */,
				8FC96AD728D2126D00B052E9 /* RoundedCorner.swift */,
			);
			path = Extensions;
			sourceTree = "<group>";
		};
		8FC96ADA28D3381600B052E9 /* CardViews */ = {
			isa = PBXGroup;
			children = (
				8FC96ADB28D3384300B052E9 /* CardImageScroller.swift */,
				8FC96ADE28D353FB00B052E9 /* CardView.swift */,
				8FC96AE028D378EB00B052E9 /* FullScreenCardView.swift */,
				8FC96AE428D4320E00B052E9 /* CardStack.swift */,
			);
			path = CardViews;
			sourceTree = "<group>";
		};
		8FC96ADD28D3386800B052E9 /* Home */ = {
			isa = PBXGroup;
			children = (
				8FC96ADA28D3381600B052E9 /* CardViews */,
				8FC96AE628D5328000B052E9 /* HomeView.swift */,
			);
			path = Home;
			sourceTree = "<group>";
		};
		8FC9D08B28CB8BE000E36011 /* Popups */ = {
			isa = PBXGroup;
			children = (
				8FC96AD228CF2B8900B052E9 /* Purchase */,
			);
			path = Popups;
			sourceTree = "<group>";
		};
/* End PBXGroup section */

/* Begin PBXNativeTarget section */
		8F3DD87B28AC07D800307239 /* BuildTinder */ = {
			isa = PBXNativeTarget;
			buildConfigurationList = 8F3DD88A28AC07D900307239 /* Build configuration list for PBXNativeTarget "BuildTinder" */;
			buildPhases = (
				8F3DD87828AC07D800307239 /* Sources */,
				8F3DD87928AC07D800307239 /* Frameworks */,
				8F3DD87A28AC07D800307239 /* Resources */,
			);
			buildRules = (
			);
			dependencies = (
			);
			name = BuildTinder;
			packageProductDependencies = (
			);
			productName = BuildTinder;
			productReference = 8F3DD87C28AC07D800307239 /* BuildTinder.app */;
			productType = "com.apple.product-type.application";
		};
/* End PBXNativeTarget section */

/* Begin PBXProject section */
		8F3DD87428AC07D800307239 /* Project object */ = {
			isa = PBXProject;
			attributes = {
				BuildIndependentTargetsInParallel = 1;
				LastSwiftUpdateCheck = 1330;
				LastUpgradeCheck = 1330;
				TargetAttributes = {
					8F3DD87B28AC07D800307239 = {
						CreatedOnToolsVersion = 13.3;
					};
				};
			};
			buildConfigurationList = 8F3DD87728AC07D800307239 /* Build configuration list for PBXProject "BuildTinder" */;
			compatibilityVersion = "Xcode 13.0";
			developmentRegion = en;
			hasScannedForEncodings = 0;
			knownRegions = (
				en,
				Base,
			);
			mainGroup = 8F3DD87328AC07D800307239;
			packageReferences = (
			);
			productRefGroup = 8F3DD87D28AC07D800307239 /* Products */;
			projectDirPath = "";
			projectRoot = "";
			targets = (
				8F3DD87B28AC07D800307239 /* BuildTinder */,
			);
		};
/* End PBXProject section */

/* Begin PBXResourcesBuildPhase section */
		8F3DD87A28AC07D800307239 /* Resources */ = {
			isa = PBXResourcesBuildPhase;
			buildActionMask = 2147483647;
			files = (
				8F3DD88728AC07D900307239 /* Preview Assets.xcassets in Resources */,
				8F3DD88428AC07D900307239 /* Assets.xcassets in Resources */,
			);
			runOnlyForDeploymentPostprocessing = 0;
		};
/* End PBXResourcesBuildPhase section */

/* Begin PBXSourcesBuildPhase section */
		8F3DD87828AC07D800307239 /* Sources */ = {
			isa = PBXSourcesBuildPhase;
			buildActionMask = 2147483647;
			files = (
				8FC96AE128D378EB00B052E9 /* FullScreenCardView.swift in Sources */,
				8F347B2D28BCF83500C3322E /* ChatManager.swift in Sources */,
				8FDE1F7A28BE922C0078D280 /* MessageListView.swift in Sources */,
				8F3DD89028AC081800307239 /* TabBarButtonView.swift in Sources */,
				8FC96AE328D4062000B052E9 /* CircleButtonView.swift in Sources */,
				8F0F810C28C7EEF50046FB7D /* PersonSquare.swift in Sources */,
				8F347B2428BCE54000C3322E /* Person.swift in Sources */,
				8FC96ACF28CF0B4400B052E9 /* PurchasePopup.swift in Sources */,
				8F347B2F28BD002B00C3322E /* ChatViewHeader.swift in Sources */,
				8FC96AE728D5328000B052E9 /* HomeView.swift in Sources */,
				8FC9D08828CA598A00E36011 /* MatchesView.swift in Sources */,
				8FDE1F7E28BED7120078D280 /* MessageRowView.swift in Sources */,
				8F3DD89C28AC3C9300307239 /* RoundedImage.swift in Sources */,
				8FC96AD428CFB81200B052E9 /* PruchaseOptionsView.swift in Sources */,
				8FDE1F7C28BE93180078D280 /* MessageListVM.swift in Sources */,
				8FC96AD828D2126D00B052E9 /* RoundedCorner.swift in Sources */,
				8FC96AD628CFB88500B052E9 /* Subscription.swift in Sources */,
				8F3DD89628AC0EEC00307239 /* Extensions.swift in Sources */,
				8F347B2B28BCF7C700C3322E /* ChatView.swift in Sources */,
				8F3DD88228AC07D800307239 /* ContentView.swift in Sources */,
				8F347B2828BCE77F00C3322E /* MessageView.swift in Sources */,
				8F347B1F28B690B700C3322E /* ProfileSwipePromo.swift in Sources */,
				8F3DD88E28AC07EE00307239 /* MainView.swift in Sources */,
				8FC96ADC28D3384300B052E9 /* CardImageScroller.swift in Sources */,
				8F3DD88028AC07D800307239 /* BuildTinderApp.swift in Sources */,
				8F347B2128BCE42C00C3322E /* Message.swift in Sources */,
				8FC96AD128CF2B7900B052E9 /* PurchaseSwipePromo.swift in Sources */,
				8F3DD89928AC398E00307239 /* ProfileView.swift in Sources */,
				8FAC117428C0E1E800EB0637 /* LikesView.swift in Sources */,
				8F3DD89428AC0AE700307239 /* AppStateManager.swift in Sources */,
				8FAC117028C0D80000EB0637 /* UserManager.swift in Sources */,
				8FC9D08628CA57DF00E36011 /* TopPicksView.swift in Sources */,
				8F347B2628BCE66B00C3322E /* MessagePreview.swift in Sources */,
				8FC96ADF28D353FB00B052E9 /* CardView.swift in Sources */,
				8FAC117228C0D8E100EB0637 /* User.swift in Sources */,
				8FC96AE528D4320F00B052E9 /* CardStack.swift in Sources */,
			);
			runOnlyForDeploymentPostprocessing = 0;
		};
/* End PBXSourcesBuildPhase section */

/* Begin XCBuildConfiguration section */
		8F3DD88828AC07D900307239 /* Debug */ = {
			isa = XCBuildConfiguration;
			buildSettings = {
				ALWAYS_SEARCH_USER_PATHS = NO;
				CLANG_ANALYZER_NONNULL = YES;
				CLANG_ANALYZER_NUMBER_OBJECT_CONVERSION = YES_AGGRESSIVE;
				CLANG_CXX_LANGUAGE_STANDARD = "gnu++17";
				CLANG_ENABLE_MODULES = YES;
				CLANG_ENABLE_OBJC_ARC = YES;
				CLANG_ENABLE_OBJC_WEAK = YES;
				CLANG_WARN_BLOCK_CAPTURE_AUTORELEASING = YES;
				CLANG_WARN_BOOL_CONVERSION = YES;
				CLANG_WARN_COMMA = YES;
				CLANG_WARN_CONSTANT_CONVERSION = YES;
				CLANG_WARN_DEPRECATED_OBJC_IMPLEMENTATIONS = YES;
				CLANG_WARN_DIRECT_OBJC_ISA_USAGE = YES_ERROR;
				CLANG_WARN_DOCUMENTATION_COMMENTS = YES;
				CLANG_WARN_EMPTY_BODY = YES;
				CLANG_WARN_ENUM_CONVERSION = YES;
				CLANG_WARN_INFINITE_RECURSION = YES;
				CLANG_WARN_INT_CONVERSION = YES;
				CLANG_WARN_NON_LITERAL_NULL_CONVERSION = YES;
				CLANG_WARN_OBJC_IMPLICIT_RETAIN_SELF = YES;
				CLANG_WARN_OBJC_LITERAL_CONVERSION = YES;
				CLANG_WARN_OBJC_ROOT_CLASS = YES_ERROR;
				CLANG_WARN_QUOTED_INCLUDE_IN_FRAMEWORK_HEADER = YES;
				CLANG_WARN_RANGE_LOOP_ANALYSIS = YES;
				CLANG_WARN_STRICT_PROTOTYPES = YES;
				CLANG_WARN_SUSPICIOUS_MOVE = YES;
				CLANG_WARN_UNGUARDED_AVAILABILITY = YES_AGGRESSIVE;
				CLANG_WARN_UNREACHABLE_CODE = YES;
				CLANG_WARN__DUPLICATE_METHOD_MATCH = YES;
				COPY_PHASE_STRIP = NO;
				DEBUG_INFORMATION_FORMAT = dwarf;
				ENABLE_STRICT_OBJC_MSGSEND = YES;
				ENABLE_TESTABILITY = YES;
				GCC_C_LANGUAGE_STANDARD = gnu11;
				GCC_DYNAMIC_NO_PIC = NO;
				GCC_NO_COMMON_BLOCKS = YES;
				GCC_OPTIMIZATION_LEVEL = 0;
				GCC_PREPROCESSOR_DEFINITIONS = (
					"DEBUG=1",
					"$(inherited)",
				);
				GCC_WARN_64_TO_32_BIT_CONVERSION = YES;
				GCC_WARN_ABOUT_RETURN_TYPE = YES_ERROR;
				GCC_WARN_UNDECLARED_SELECTOR = YES;
				GCC_WARN_UNINITIALIZED_AUTOS = YES_AGGRESSIVE;
				GCC_WARN_UNUSED_FUNCTION = YES;
				GCC_WARN_UNUSED_VARIABLE = YES;
				IPHONEOS_DEPLOYMENT_TARGET = 15.4;
				MTL_ENABLE_DEBUG_INFO = INCLUDE_SOURCE;
				MTL_FAST_MATH = YES;
				ONLY_ACTIVE_ARCH = YES;
				SDKROOT = iphoneos;
				SWIFT_ACTIVE_COMPILATION_CONDITIONS = DEBUG;
				SWIFT_OPTIMIZATION_LEVEL = "-Onone";
			};
			name = Debug;
		};
		8F3DD88928AC07D900307239 /* Release */ = {
			isa = XCBuildConfiguration;
			buildSettings = {
				ALWAYS_SEARCH_USER_PATHS = NO;
				CLANG_ANALYZER_NONNULL = YES;
				CLANG_ANALYZER_NUMBER_OBJECT_CONVERSION = YES_AGGRESSIVE;
				CLANG_CXX_LANGUAGE_STANDARD = "gnu++17";
				CLANG_ENABLE_MODULES = YES;
				CLANG_ENABLE_OBJC_ARC = YES;
				CLANG_ENABLE_OBJC_WEAK = YES;
				CLANG_WARN_BLOCK_CAPTURE_AUTORELEASING = YES;
				CLANG_WARN_BOOL_CONVERSION = YES;
				CLANG_WARN_COMMA = YES;
				CLANG_WARN_CONSTANT_CONVERSION = YES;
				CLANG_WARN_DEPRECATED_OBJC_IMPLEMENTATIONS = YES;
				CLANG_WARN_DIRECT_OBJC_ISA_USAGE = YES_ERROR;
				CLANG_WARN_DOCUMENTATION_COMMENTS = YES;
				CLANG_WARN_EMPTY_BODY = YES;
				CLANG_WARN_ENUM_CONVERSION = YES;
				CLANG_WARN_INFINITE_RECURSION = YES;
				CLANG_WARN_INT_CONVERSION = YES;
				CLANG_WARN_NON_LITERAL_NULL_CONVERSION = YES;
				CLANG_WARN_OBJC_IMPLICIT_RETAIN_SELF = YES;
				CLANG_WARN_OBJC_LITERAL_CONVERSION = YES;
				CLANG_WARN_OBJC_ROOT_CLASS = YES_ERROR;
				CLANG_WARN_QUOTED_INCLUDE_IN_FRAMEWORK_HEADER = YES;
				CLANG_WARN_RANGE_LOOP_ANALYSIS = YES;
				CLANG_WARN_STRICT_PROTOTYPES = YES;
				CLANG_WARN_SUSPICIOUS_MOVE = YES;
				CLANG_WARN_UNGUARDED_AVAILABILITY = YES_AGGRESSIVE;
				CLANG_WARN_UNREACHABLE_CODE = YES;
				CLANG_WARN__DUPLICATE_METHOD_MATCH = YES;
				COPY_PHASE_STRIP = NO;
				DEBUG_INFORMATION_FORMAT = "dwarf-with-dsym";
				ENABLE_NS_ASSERTIONS = NO;
				ENABLE_STRICT_OBJC_MSGSEND = YES;
				GCC_C_LANGUAGE_STANDARD = gnu11;
				GCC_NO_COMMON_BLOCKS = YES;
				GCC_WARN_64_TO_32_BIT_CONVERSION = YES;
				GCC_WARN_ABOUT_RETURN_TYPE = YES_ERROR;
				GCC_WARN_UNDECLARED_SELECTOR = YES;
				GCC_WARN_UNINITIALIZED_AUTOS = YES_AGGRESSIVE;
				GCC_WARN_UNUSED_FUNCTION = YES;
				GCC_WARN_UNUSED_VARIABLE = YES;
				IPHONEOS_DEPLOYMENT_TARGET = 15.4;
				MTL_ENABLE_DEBUG_INFO = NO;
				MTL_FAST_MATH = YES;
				SDKROOT = iphoneos;
				SWIFT_COMPILATION_MODE = wholemodule;
				SWIFT_OPTIMIZATION_LEVEL = "-O";
				VALIDATE_PRODUCT = YES;
			};
			name = Release;
		};
		8F3DD88B28AC07D900307239 /* Debug */ = {
			isa = XCBuildConfiguration;
			buildSettings = {
				ASSETCATALOG_COMPILER_APPICON_NAME = AppIcon;
				ASSETCATALOG_COMPILER_GLOBAL_ACCENT_COLOR_NAME = AccentColor;
				CODE_SIGN_STYLE = Automatic;
				CURRENT_PROJECT_VERSION = 1;
				DEVELOPMENT_ASSET_PATHS = "\"BuildTinder/Preview Content\"";
				DEVELOPMENT_TEAM = 5Z3UL2PDB7;
				ENABLE_PREVIEWS = YES;
				GENERATE_INFOPLIST_FILE = YES;
				INFOPLIST_KEY_UIApplicationSceneManifest_Generation = YES;
				INFOPLIST_KEY_UIApplicationSupportsIndirectInputEvents = YES;
				INFOPLIST_KEY_UILaunchScreen_Generation = YES;
				INFOPLIST_KEY_UISupportedInterfaceOrientations_iPad = "UIInterfaceOrientationPortrait UIInterfaceOrientationPortraitUpsideDown UIInterfaceOrientationLandscapeLeft UIInterfaceOrientationLandscapeRight";
				INFOPLIST_KEY_UISupportedInterfaceOrientations_iPhone = "UIInterfaceOrientationPortrait UIInterfaceOrientationLandscapeLeft UIInterfaceOrientationLandscapeRight";
				LD_RUNPATH_SEARCH_PATHS = (
					"$(inherited)",
					"@executable_path/Frameworks",
				);
				MARKETING_VERSION = 1.0;
				PRODUCT_BUNDLE_IDENTIFIER = com.lebonbauma.dev.BuildTinder;
				PRODUCT_NAME = "$(TARGET_NAME)";
				SWIFT_EMIT_LOC_STRINGS = YES;
				SWIFT_VERSION = 5.0;
				TARGETED_DEVICE_FAMILY = "1,2";
			};
			name = Debug;
		};
		8F3DD88C28AC07D900307239 /* Release */ = {
			isa = XCBuildConfiguration;
			buildSettings = {
				ASSETCATALOG_COMPILER_APPICON_NAME = AppIcon;
				ASSETCATALOG_COMPILER_GLOBAL_ACCENT_COLOR_NAME = AccentColor;
				CODE_SIGN_STYLE = Automatic;
				CURRENT_PROJECT_VERSION = 1;
				DEVELOPMENT_ASSET_PATHS = "\"BuildTinder/Preview Content\"";
				DEVELOPMENT_TEAM = 5Z3UL2PDB7;
				ENABLE_PREVIEWS = YES;
				GENERATE_INFOPLIST_FILE = YES;
				INFOPLIST_KEY_UIApplicationSceneManifest_Generation = YES;
				INFOPLIST_KEY_UIApplicationSupportsIndirectInputEvents = YES;
				INFOPLIST_KEY_UILaunchScreen_Generation = YES;
				INFOPLIST_KEY_UISupportedInterfaceOrientations_iPad = "UIInterfaceOrientationPortrait UIInterfaceOrientationPortraitUpsideDown UIInterfaceOrientationLandscapeLeft UIInterfaceOrientationLandscapeRight";
				INFOPLIST_KEY_UISupportedInterfaceOrientations_iPhone = "UIInterfaceOrientationPortrait UIInterfaceOrientationLandscapeLeft UIInterfaceOrientationLandscapeRight";
				LD_RUNPATH_SEARCH_PATHS = (
					"$(inherited)",
					"@executable_path/Frameworks",
				);
				MARKETING_VERSION = 1.0;
				PRODUCT_BUNDLE_IDENTIFIER = com.lebonbauma.dev.BuildTinder;
				PRODUCT_NAME = "$(TARGET_NAME)";
				SWIFT_EMIT_LOC_STRINGS = YES;
				SWIFT_VERSION = 5.0;
				TARGETED_DEVICE_FAMILY = "1,2";
			};
			name = Release;
		};
/* End XCBuildConfiguration section */

/* Begin XCConfigurationList section */
		8F3DD87728AC07D800307239 /* Build configuration list for PBXProject "BuildTinder" */ = {
			isa = XCConfigurationList;
			buildConfigurations = (
				8F3DD88828AC07D900307239 /* Debug */,
				8F3DD88928AC07D900307239 /* Release */,
			);
			defaultConfigurationIsVisible = 0;
			defaultConfigurationName = Release;
		};
		8F3DD88A28AC07D900307239 /* Build configuration list for PBXNativeTarget "BuildTinder" */ = {
			isa = XCConfigurationList;
			buildConfigurations = (
				8F3DD88B28AC07D900307239 /* Debug */,
				8F3DD88C28AC07D900307239 /* Release */,
			);
			defaultConfigurationIsVisible = 0;
			defaultConfigurationName = Release;
		};
/* End XCConfigurationList section */
	};
	rootObject = 8F3DD87428AC07D800307239 /* Project object */;
}
